
Microsoft Visual Studio Solution File, Format Version 12.00
# Visual Studio Version 16
VisualStudioVersion = 16.0.30804.86
MinimumVisualStudioVersion = 10.0.40219.1
Project("{FAE04EC0-301F-11D3-BF4B-00C04F79EFBC}") = "devops2", "devops2.csproj", "{8C8102C8-F02D-4533-B78D-A548DB8BFC0B}"
EndProject
Global
	GlobalSection(SolutionConfigurationPlatforms) = preSolution
		Debug|Any CPU = Debug|Any CPU
		Release|Any CPU = Release|Any CPU
	EndGlobalSection
	GlobalSection(ProjectConfigurationPlatforms) = postSolution
		{8C8102C8-F02D-4533-B78D-A548DB8BFC0B}.Debug|Any CPU.ActiveCfg = Debug|Any CPU
		{8C8102C8-F02D-4533-B78D-A548DB8BFC0B}.Debug|Any CPU.Build.0 = Debug|Any CPU
		{8C8102C8-F02D-4533-B78D-A548DB8BFC0B}.Release|Any CPU.ActiveCfg = Release|Any CPU
		{8C8102C8-F02D-4533-B78D-A548DB8BFC0B}.Release|Any CPU.Build.0 = Release|Any CPU
	EndGlobalSection
	GlobalSection(SolutionProperties) = preSolution
		HideSolutionNode = FALSE
	EndGlobalSection
	GlobalSection(ExtensibilityGlobals) = postSolution
		SolutionGuid = {D645ED34-91D3-4147-B281-76642196DA5D}
	EndGlobalSection
EndGlobal
